
Microsoft Visual Studio Solution File, Format Version 12.00
# Visual Studio Version 17
VisualStudioVersion = 17.2.32616.157
MinimumVisualStudioVersion = 10.0.40219.1
Project("{9A19103F-16F7-4668-BE54-9A1E7A4F7556}") = "DJTWAINScan", "DJTWAINScan\DJTWAINScan.csproj", "{7FFB2887-944D-4DBD-9894-75FD7EE80864}"
EndProject
Project("{9A19103F-16F7-4668-BE54-9A1E7A4F7556}") = "DJLib", "DJLib\DJLib.csproj", "{71BC88C4-7EF1-4F89-93C7-B4AD97DD4864}"
EndProject
Project("{9A19103F-16F7-4668-BE54-9A1E7A4F7556}") = "TchznSeal", "TchznSeal\TchznSeal.csproj", "{BC65C581-2A00-4B3B-AA33-760B22360F8B}"
EndProject
Project("{9A19103F-16F7-4668-BE54-9A1E7A4F7556}") = "TchznSealTest", "TchznSealTest\TchznSealTest.csproj", "{77CCF5D7-7289-4FB5-8788-78F78D8E969B}"
EndProject
Project("{9A19103F-16F7-4668-BE54-9A1E7A4F7556}") = "DJSpire", "DJSpire\DJSpire.csproj", "{D01FFCB3-31C7-4925-AE3C-6422304FDC45}"
EndProject
Project("{9A19103F-16F7-4668-BE54-9A1E7A4F7556}") = "DJTWAINLib", "DJTWAIN\DJTWAINLib.csproj", "{EA7EC6A9-5C57-4BE0-978D-EBD302BC3699}"
EndProject
Project("{9A19103F-16F7-4668-BE54-9A1E7A4F7556}") = "SealTypographicWebAPI", "SealTypographicWebAPI\SealTypographicWebAPI.csproj", "{BEE86DA4-662A-492C-B27B-AC613E24B12E}"
EndProject
Project("{2150E333-8FDC-42A3-9474-1A3956D46DE8}") = "Solution Items", "Solution Items", "{3B9D3DDF-2D39-424E-AADE-32142217E554}"
	ProjectSection(SolutionItems) = preProject
		.editorconfig = .editorconfig
	EndProjectSection
EndProject
Project("{9A19103F-16F7-4668-BE54-9A1E7A4F7556}") = "DJLocalAPI", "DJLocalAPI\DJLocalAPI.csproj", "{C9290374-1484-4332-8718-A7D390476A33}"
EndProject
Project("{9A19103F-16F7-4668-BE54-9A1E7A4F7556}") = "DJScannerLib", "DJScannerLib\DJScannerLib.csproj", "{CFBC2E27-EFB9-4DB8-AF42-D07FD9087B7F}"
EndProject
Project("{FAE04EC0-301F-11D3-BF4B-00C04F79EFBC}") = "Twaincs", "Twaincs\Twaincs.csproj", "{E00DEC90-0A85-47D5-B0E4-39940AF8C141}"
EndProject
Project("{9A19103F-16F7-4668-BE54-9A1E7A4F7556}") = "SealTypographicWebAPITests", "SealTypographicWebAPITests\SealTypographicWebAPITests.csproj", "{05A92FF0-7396-4031-B879-0922FB1C8B45}"
EndProject
Project("{9A19103F-16F7-4668-BE54-9A1E7A4F7556}") = "MySql", "MySqlMigrations\MySql.csproj", "{C344B34E-6120-46CA-8A75-2D129F024811}"
EndProject
Project("{FAE04EC0-301F-11D3-BF4B-00C04F79EFBC}") = "DBEntities", "DBEntities\DBEntities.csproj", "{0F0A21AA-09F4-42AE-B355-112DE3F774D5}"
EndProject
Project("{FAE04EC0-301F-11D3-BF4B-00C04F79EFBC}") = "Sqlite", "SqliteMigrations\Sqlite.csproj", "{F81254E5-55C7-454F-83EC-ACA115F26D7E}"
EndProject
Project("{2150E333-8FDC-42A3-9474-1A3956D46DE8}") = "Migrations", "Migrations", "{D0BA96F1-ECAC-42F5-AEAE-99065BF32392}"
EndProject
Global
	GlobalSection(SolutionConfigurationPlatforms) = preSolution
		Debug|Any CPU = Debug|Any CPU
		Debug|x64 = Debug|x64
		Debug|x86 = Debug|x86
		Release|Any CPU = Release|Any CPU
		Release|x64 = Release|x64
		Release|x86 = Release|x86
	EndGlobalSection
	GlobalSection(ProjectConfigurationPlatforms) = postSolution
		{7FFB2887-944D-4DBD-9894-75FD7EE80864}.Debug|Any CPU.ActiveCfg = Debug|Any CPU
		{7FFB2887-944D-4DBD-9894-75FD7EE80864}.Debug|Any CPU.Build.0 = Debug|Any CPU
		{7FFB2887-944D-4DBD-9894-75FD7EE80864}.Debug|x64.ActiveCfg = Debug|Any CPU
		{7FFB2887-944D-4DBD-9894-75FD7EE80864}.Debug|x64.Build.0 = Debug|Any CPU
		{7FFB2887-944D-4DBD-9894-75FD7EE80864}.Debug|x86.ActiveCfg = Debug|x86
		{7FFB2887-944D-4DBD-9894-75FD7EE80864}.Debug|x86.Build.0 = Debug|x86
		{7FFB2887-944D-4DBD-9894-75FD7EE80864}.Release|Any CPU.ActiveCfg = Release|Any CPU
		{7FFB2887-944D-4DBD-9894-75FD7EE80864}.Release|Any CPU.Build.0 = Release|Any CPU
		{7FFB2887-944D-4DBD-9894-75FD7EE80864}.Release|x64.ActiveCfg = Release|Any CPU
		{7FFB2887-944D-4DBD-9894-75FD7EE80864}.Release|x64.Build.0 = Release|Any CPU
		{7FFB2887-944D-4DBD-9894-75FD7EE80864}.Release|x86.ActiveCfg = Release|x86
		{7FFB2887-944D-4DBD-9894-75FD7EE80864}.Release|x86.Build.0 = Release|x86
		{71BC88C4-7EF1-4F89-93C7-B4AD97DD4864}.Debug|Any CPU.ActiveCfg = Debug|Any CPU
		{71BC88C4-7EF1-4F89-93C7-B4AD97DD4864}.Debug|Any CPU.Build.0 = Debug|Any CPU
		{71BC88C4-7EF1-4F89-93C7-B4AD97DD4864}.Debug|x64.ActiveCfg = Debug|Any CPU
		{71BC88C4-7EF1-4F89-93C7-B4AD97DD4864}.Debug|x64.Build.0 = Debug|Any CPU
		{71BC88C4-7EF1-4F89-93C7-B4AD97DD4864}.Debug|x86.ActiveCfg = Debug|Any CPU
		{71BC88C4-7EF1-4F89-93C7-B4AD97DD4864}.Debug|x86.Build.0 = Debug|Any CPU
		{71BC88C4-7EF1-4F89-93C7-B4AD97DD4864}.Release|Any CPU.ActiveCfg = Release|Any CPU
		{71BC88C4-7EF1-4F89-93C7-B4AD97DD4864}.Release|Any CPU.Build.0 = Release|Any CPU
		{71BC88C4-7EF1-4F89-93C7-B4AD97DD4864}.Release|x64.ActiveCfg = Release|Any CPU
		{71BC88C4-7EF1-4F89-93C7-B4AD97DD4864}.Release|x64.Build.0 = Release|Any CPU
		{71BC88C4-7EF1-4F89-93C7-B4AD97DD4864}.Release|x86.ActiveCfg = Release|Any CPU
		{71BC88C4-7EF1-4F89-93C7-B4AD97DD4864}.Release|x86.Build.0 = Release|Any CPU
		{BC65C581-2A00-4B3B-AA33-760B22360F8B}.Debug|Any CPU.ActiveCfg = Debug|Any CPU
		{BC65C581-2A00-4B3B-AA33-760B22360F8B}.Debug|Any CPU.Build.0 = Debug|Any CPU
		{BC65C581-2A00-4B3B-AA33-760B22360F8B}.Debug|x64.ActiveCfg = Debug|Any CPU
		{BC65C581-2A00-4B3B-AA33-760B22360F8B}.Debug|x64.Build.0 = Debug|Any CPU
		{BC65C581-2A00-4B3B-AA33-760B22360F8B}.Debug|x86.ActiveCfg = Debug|Any CPU
		{BC65C581-2A00-4B3B-AA33-760B22360F8B}.Debug|x86.Build.0 = Debug|Any CPU
		{BC65C581-2A00-4B3B-AA33-760B22360F8B}.Release|Any CPU.ActiveCfg = Release|Any CPU
		{BC65C581-2A00-4B3B-AA33-760B22360F8B}.Release|Any CPU.Build.0 = Release|Any CPU
		{BC65C581-2A00-4B3B-AA33-760B22360F8B}.Release|x64.ActiveCfg = Release|Any CPU
		{BC65C581-2A00-4B3B-AA33-760B22360F8B}.Release|x64.Build.0 = Release|Any CPU
		{BC65C581-2A00-4B3B-AA33-760B22360F8B}.Release|x86.ActiveCfg = Release|Any CPU
		{BC65C581-2A00-4B3B-AA33-760B22360F8B}.Release|x86.Build.0 = Release|Any CPU
		{77CCF5D7-7289-4FB5-8788-78F78D8E969B}.Debug|Any CPU.ActiveCfg = Debug|Any CPU
		{77CCF5D7-7289-4FB5-8788-78F78D8E969B}.Debug|Any CPU.Build.0 = Debug|Any CPU
		{77CCF5D7-7289-4FB5-8788-78F78D8E969B}.Debug|x64.ActiveCfg = Debug|Any CPU
		{77CCF5D7-7289-4FB5-8788-78F78D8E969B}.Debug|x64.Build.0 = Debug|Any CPU
		{77CCF5D7-7289-4FB5-8788-78F78D8E969B}.Debug|x86.ActiveCfg = Debug|Any CPU
		{77CCF5D7-7289-4FB5-8788-78F78D8E969B}.Debug|x86.Build.0 = Debug|Any CPU
		{77CCF5D7-7289-4FB5-8788-78F78D8E969B}.Release|Any CPU.ActiveCfg = Release|Any CPU
		{77CCF5D7-7289-4FB5-8788-78F78D8E969B}.Release|Any CPU.Build.0 = Release|Any CPU
		{77CCF5D7-7289-4FB5-8788-78F78D8E969B}.Release|x64.ActiveCfg = Release|Any CPU
		{77CCF5D7-7289-4FB5-8788-78F78D8E969B}.Release|x64.Build.0 = Release|Any CPU
		{77CCF5D7-7289-4FB5-8788-78F78D8E969B}.Release|x86.ActiveCfg = Release|Any CPU
		{77CCF5D7-7289-4FB5-8788-78F78D8E969B}.Release|x86.Build.0 = Release|Any CPU
		{D01FFCB3-31C7-4925-AE3C-6422304FDC45}.Debug|Any CPU.ActiveCfg = Debug|Any CPU
		{D01FFCB3-31C7-4925-AE3C-6422304FDC45}.Debug|Any CPU.Build.0 = Debug|Any CPU
		{D01FFCB3-31C7-4925-AE3C-6422304FDC45}.Debug|x64.ActiveCfg = Debug|Any CPU
		{D01FFCB3-31C7-4925-AE3C-6422304FDC45}.Debug|x64.Build.0 = Debug|Any CPU
		{D01FFCB3-31C7-4925-AE3C-6422304FDC45}.Debug|x86.ActiveCfg = Debug|Any CPU
		{D01FFCB3-31C7-4925-AE3C-6422304FDC45}.Debug|x86.Build.0 = Debug|Any CPU
		{D01FFCB3-31C7-4925-AE3C-6422304FDC45}.Release|Any CPU.ActiveCfg = Release|Any CPU
		{D01FFCB3-31C7-4925-AE3C-6422304FDC45}.Release|Any CPU.Build.0 = Release|Any CPU
		{D01FFCB3-31C7-4925-AE3C-6422304FDC45}.Release|x64.ActiveCfg = Release|Any CPU
		{D01FFCB3-31C7-4925-AE3C-6422304FDC45}.Release|x64.Build.0 = Release|Any CPU
		{D01FFCB3-31C7-4925-AE3C-6422304FDC45}.Release|x86.ActiveCfg = Release|Any CPU
		{D01FFCB3-31C7-4925-AE3C-6422304FDC45}.Release|x86.Build.0 = Release|Any CPU
		{EA7EC6A9-5C57-4BE0-978D-EBD302BC3699}.Debug|Any CPU.ActiveCfg = Debug|Any CPU
		{EA7EC6A9-5C57-4BE0-978D-EBD302BC3699}.Debug|Any CPU.Build.0 = Debug|Any CPU
		{EA7EC6A9-5C57-4BE0-978D-EBD302BC3699}.Debug|x64.ActiveCfg = Debug|Any CPU
		{EA7EC6A9-5C57-4BE0-978D-EBD302BC3699}.Debug|x64.Build.0 = Debug|Any CPU
		{EA7EC6A9-5C57-4BE0-978D-EBD302BC3699}.Debug|x86.ActiveCfg = Debug|Any CPU
		{EA7EC6A9-5C57-4BE0-978D-EBD302BC3699}.Debug|x86.Build.0 = Debug|Any CPU
		{EA7EC6A9-5C57-4BE0-978D-EBD302BC3699}.Release|Any CPU.ActiveCfg = Release|Any CPU
		{EA7EC6A9-5C57-4BE0-978D-EBD302BC3699}.Release|Any CPU.Build.0 = Release|Any CPU
		{EA7EC6A9-5C57-4BE0-978D-EBD302BC3699}.Release|x64.ActiveCfg = Release|Any CPU
		{EA7EC6A9-5C57-4BE0-978D-EBD302BC3699}.Release|x64.Build.0 = Release|Any CPU
		{EA7EC6A9-5C57-4BE0-978D-EBD302BC3699}.Release|x86.ActiveCfg = Release|Any CPU
		{EA7EC6A9-5C57-4BE0-978D-EBD302BC3699}.Release|x86.Build.0 = Release|Any CPU
		{BEE86DA4-662A-492C-B27B-AC613E24B12E}.Debug|Any CPU.ActiveCfg = Debug|Any CPU
		{BEE86DA4-662A-492C-B27B-AC613E24B12E}.Debug|Any CPU.Build.0 = Debug|Any CPU
		{BEE86DA4-662A-492C-B27B-AC613E24B12E}.Debug|x64.ActiveCfg = Debug|Any CPU
		{BEE86DA4-662A-492C-B27B-AC613E24B12E}.Debug|x64.Build.0 = Debug|Any CPU
		{BEE86DA4-662A-492C-B27B-AC613E24B12E}.Debug|x86.ActiveCfg = Debug|Any CPU
		{BEE86DA4-662A-492C-B27B-AC613E24B12E}.Debug|x86.Build.0 = Debug|Any CPU
		{BEE86DA4-662A-492C-B27B-AC613E24B12E}.Release|Any CPU.ActiveCfg = Release|Any CPU
		{BEE86DA4-662A-492C-B27B-AC613E24B12E}.Release|Any CPU.Build.0 = Release|Any CPU
		{BEE86DA4-662A-492C-B27B-AC613E24B12E}.Release|x64.ActiveCfg = Release|Any CPU
		{BEE86DA4-662A-492C-B27B-AC613E24B12E}.Release|x64.Build.0 = Release|Any CPU
		{BEE86DA4-662A-492C-B27B-AC613E24B12E}.Release|x86.ActiveCfg = Release|Any CPU
		{BEE86DA4-662A-492C-B27B-AC613E24B12E}.Release|x86.Build.0 = Release|Any CPU
		{C9290374-1484-4332-8718-A7D390476A33}.Debug|Any CPU.ActiveCfg = Debug|Any CPU
		{C9290374-1484-4332-8718-A7D390476A33}.Debug|Any CPU.Build.0 = Debug|Any CPU
		{C9290374-1484-4332-8718-A7D390476A33}.Debug|x64.ActiveCfg = Debug|Any CPU
		{C9290374-1484-4332-8718-A7D390476A33}.Debug|x64.Build.0 = Debug|Any CPU
		{C9290374-1484-4332-8718-A7D390476A33}.Debug|x86.ActiveCfg = Debug|Any CPU
		{C9290374-1484-4332-8718-A7D390476A33}.Debug|x86.Build.0 = Debug|Any CPU
		{C9290374-1484-4332-8718-A7D390476A33}.Release|Any CPU.ActiveCfg = Release|Any CPU
		{C9290374-1484-4332-8718-A7D390476A33}.Release|Any CPU.Build.0 = Release|Any CPU
		{C9290374-1484-4332-8718-A7D390476A33}.Release|x64.ActiveCfg = Release|Any CPU
		{C9290374-1484-4332-8718-A7D390476A33}.Release|x64.Build.0 = Release|Any CPU
		{C9290374-1484-4332-8718-A7D390476A33}.Release|x86.ActiveCfg = Release|Any CPU
		{C9290374-1484-4332-8718-A7D390476A33}.Release|x86.Build.0 = Release|Any CPU
		{CFBC2E27-EFB9-4DB8-AF42-D07FD9087B7F}.Debug|Any CPU.ActiveCfg = Debug|Any CPU
		{CFBC2E27-EFB9-4DB8-AF42-D07FD9087B7F}.Debug|Any CPU.Build.0 = Debug|Any CPU
		{CFBC2E27-EFB9-4DB8-AF42-D07FD9087B7F}.Debug|x64.ActiveCfg = Debug|Any CPU
		{CFBC2E27-EFB9-4DB8-AF42-D07FD9087B7F}.Debug|x64.Build.0 = Debug|Any CPU
		{CFBC2E27-EFB9-4DB8-AF42-D07FD9087B7F}.Debug|x86.ActiveCfg = Debug|Any CPU
		{CFBC2E27-EFB9-4DB8-AF42-D07FD9087B7F}.Debug|x86.Build.0 = Debug|Any CPU
		{CFBC2E27-EFB9-4DB8-AF42-D07FD9087B7F}.Release|Any CPU.ActiveCfg = Release|Any CPU
		{CFBC2E27-EFB9-4DB8-AF42-D07FD9087B7F}.Release|Any CPU.Build.0 = Release|Any CPU
		{CFBC2E27-EFB9-4DB8-AF42-D07FD9087B7F}.Release|x64.ActiveCfg = Release|Any CPU
		{CFBC2E27-EFB9-4DB8-AF42-D07FD9087B7F}.Release|x64.Build.0 = Release|Any CPU
		{CFBC2E27-EFB9-4DB8-AF42-D07FD9087B7F}.Release|x86.ActiveCfg = Release|Any CPU
		{CFBC2E27-EFB9-4DB8-AF42-D07FD9087B7F}.Release|x86.Build.0 = Release|Any CPU
		{E00DEC90-0A85-47D5-B0E4-39940AF8C141}.Debug|Any CPU.ActiveCfg = Debug|Any CPU
		{E00DEC90-0A85-47D5-B0E4-39940AF8C141}.Debug|Any CPU.Build.0 = Debug|Any CPU
		{E00DEC90-0A85-47D5-B0E4-39940AF8C141}.Debug|x64.ActiveCfg = Debug|x64
		{E00DEC90-0A85-47D5-B0E4-39940AF8C141}.Debug|x64.Build.0 = Debug|x64
		{E00DEC90-0A85-47D5-B0E4-39940AF8C141}.Debug|x86.ActiveCfg = Debug|x86
		{E00DEC90-0A85-47D5-B0E4-39940AF8C141}.Debug|x86.Build.0 = Debug|x86
		{E00DEC90-0A85-47D5-B0E4-39940AF8C141}.Release|Any CPU.ActiveCfg = Release|Any CPU
		{E00DEC90-0A85-47D5-B0E4-39940AF8C141}.Release|Any CPU.Build.0 = Release|Any CPU
		{E00DEC90-0A85-47D5-B0E4-39940AF8C141}.Release|x64.ActiveCfg = Release|x64
		{E00DEC90-0A85-47D5-B0E4-39940AF8C141}.Release|x64.Build.0 = Release|x64
		{E00DEC90-0A85-47D5-B0E4-39940AF8C141}.Release|x86.ActiveCfg = Release|x86
		{E00DEC90-0A85-47D5-B0E4-39940AF8C141}.Release|x86.Build.0 = Release|x86
		{05A92FF0-7396-4031-B879-0922FB1C8B45}.Debug|Any CPU.ActiveCfg = Debug|Any CPU
		{05A92FF0-7396-4031-B879-0922FB1C8B45}.Debug|Any CPU.Build.0 = Debug|Any CPU
		{05A92FF0-7396-4031-B879-0922FB1C8B45}.Debug|x64.ActiveCfg = Debug|Any CPU
		{05A92FF0-7396-4031-B879-0922FB1C8B45}.Debug|x64.Build.0 = Debug|Any CPU
		{05A92FF0-7396-4031-B879-0922FB1C8B45}.Debug|x86.ActiveCfg = Debug|Any CPU
		{05A92FF0-7396-4031-B879-0922FB1C8B45}.Debug|x86.Build.0 = Debug|Any CPU
		{05A92FF0-7396-4031-B879-0922FB1C8B45}.Release|Any CPU.ActiveCfg = Release|Any CPU
		{05A92FF0-7396-4031-B879-0922FB1C8B45}.Release|Any CPU.Build.0 = Release|Any CPU
		{05A92FF0-7396-4031-B879-0922FB1C8B45}.Release|x64.ActiveCfg = Release|Any CPU
		{05A92FF0-7396-4031-B879-0922FB1C8B45}.Release|x64.Build.0 = Release|Any CPU
		{05A92FF0-7396-4031-B879-0922FB1C8B45}.Release|x86.ActiveCfg = Release|Any CPU
		{05A92FF0-7396-4031-B879-0922FB1C8B45}.Release|x86.Build.0 = Release|Any CPU
		{C344B34E-6120-46CA-8A75-2D129F024811}.Debug|Any CPU.ActiveCfg = Debug|Any CPU
		{C344B34E-6120-46CA-8A75-2D129F024811}.Debug|Any CPU.Build.0 = Debug|Any CPU
		{C344B34E-6120-46CA-8A75-2D129F024811}.Debug|x64.ActiveCfg = Debug|Any CPU
		{C344B34E-6120-46CA-8A75-2D129F024811}.Debug|x64.Build.0 = Debug|Any CPU
		{C344B34E-6120-46CA-8A75-2D129F024811}.Debug|x86.ActiveCfg = Debug|Any CPU
		{C344B34E-6120-46CA-8A75-2D129F024811}.Debug|x86.Build.0 = Debug|Any CPU
		{C344B34E-6120-46CA-8A75-2D129F024811}.Release|Any CPU.ActiveCfg = Release|Any CPU
		{C344B34E-6120-46CA-8A75-2D129F024811}.Release|Any CPU.Build.0 = Release|Any CPU
		{C344B34E-6120-46CA-8A75-2D129F024811}.Release|x64.ActiveCfg = Release|Any CPU
		{C344B34E-6120-46CA-8A75-2D129F024811}.Release|x64.Build.0 = Release|Any CPU
		{C344B34E-6120-46CA-8A75-2D129F024811}.Release|x86.ActiveCfg = Release|Any CPU
		{C344B34E-6120-46CA-8A75-2D129F024811}.Release|x86.Build.0 = Release|Any CPU
		{0F0A21AA-09F4-42AE-B355-112DE3F774D5}.Debug|Any CPU.ActiveCfg = Debug|Any CPU
		{0F0A21AA-09F4-42AE-B355-112DE3F774D5}.Debug|Any CPU.Build.0 = Debug|Any CPU
		{0F0A21AA-09F4-42AE-B355-112DE3F774D5}.Debug|x64.ActiveCfg = Debug|Any CPU
		{0F0A21AA-09F4-42AE-B355-112DE3F774D5}.Debug|x64.Build.0 = Debug|Any CPU
		{0F0A21AA-09F4-42AE-B355-112DE3F774D5}.Debug|x86.ActiveCfg = Debug|Any CPU
		{0F0A21AA-09F4-42AE-B355-112DE3F774D5}.Debug|x86.Build.0 = Debug|Any CPU
		{0F0A21AA-09F4-42AE-B355-112DE3F774D5}.Release|Any CPU.ActiveCfg = Release|Any CPU
		{0F0A21AA-09F4-42AE-B355-112DE3F774D5}.Release|Any CPU.Build.0 = Release|Any CPU
		{0F0A21AA-09F4-42AE-B355-112DE3F774D5}.Release|x64.ActiveCfg = Release|Any CPU
		{0F0A21AA-09F4-42AE-B355-112DE3F774D5}.Release|x64.Build.0 = Release|Any CPU
		{0F0A21AA-09F4-42AE-B355-112DE3F774D5}.Release|x86.ActiveCfg = Release|Any CPU
		{0F0A21AA-09F4-42AE-B355-112DE3F774D5}.Release|x86.Build.0 = Release|Any CPU
		{F81254E5-55C7-454F-83EC-ACA115F26D7E}.Debug|Any CPU.ActiveCfg = Debug|Any CPU
		{F81254E5-55C7-454F-83EC-ACA115F26D7E}.Debug|Any CPU.Build.0 = Debug|Any CPU
		{F81254E5-55C7-454F-83EC-ACA115F26D7E}.Debug|x64.ActiveCfg = Debug|Any CPU
		{F81254E5-55C7-454F-83EC-ACA115F26D7E}.Debug|x64.Build.0 = Debug|Any CPU
		{F81254E5-55C7-454F-83EC-ACA115F26D7E}.Debug|x86.ActiveCfg = Debug|Any CPU
		{F81254E5-55C7-454F-83EC-ACA115F26D7E}.Debug|x86.Build.0 = Debug|Any CPU
		{F81254E5-55C7-454F-83EC-ACA115F26D7E}.Release|Any CPU.ActiveCfg = Release|Any CPU
		{F81254E5-55C7-454F-83EC-ACA115F26D7E}.Release|Any CPU.Build.0 = Release|Any CPU
		{F81254E5-55C7-454F-83EC-ACA115F26D7E}.Release|x64.ActiveCfg = Release|Any CPU
		{F81254E5-55C7-454F-83EC-ACA115F26D7E}.Release|x64.Build.0 = Release|Any CPU
		{F81254E5-55C7-454F-83EC-ACA115F26D7E}.Release|x86.ActiveCfg = Release|Any CPU
		{F81254E5-55C7-454F-83EC-ACA115F26D7E}.Release|x86.Build.0 = Release|Any CPU
	EndGlobalSection
	GlobalSection(SolutionProperties) = preSolution
		HideSolutionNode = FALSE
	EndGlobalSection
	GlobalSection(NestedProjects) = preSolution
		{C344B34E-6120-46CA-8A75-2D129F024811} = {D0BA96F1-ECAC-42F5-AEAE-99065BF32392}
		{F81254E5-55C7-454F-83EC-ACA115F26D7E} = {D0BA96F1-ECAC-42F5-AEAE-99065BF32392}
	EndGlobalSection
	GlobalSection(ExtensibilityGlobals) = postSolution
		SolutionGuid = {6708F2CE-3C2F-4B97-B6FC-EEAFB792B12F}
	EndGlobalSection
EndGlobal
