
Microsoft Visual Studio Solution File, Format Version 12.00
# Visual Studio Version 17
VisualStudioVersion = 17.2.32616.157
MinimumVisualStudioVersion = 10.0.40219.1
Project("{9A19103F-16F7-4668-BE54-9A1E7A4F7556}") = "SealTypographicWebAPI", "SealTypographicWebAPI\SealTypographicWebAPI.csproj", "{BEE86DA4-662A-492C-B27B-AC613E24B12E}"
EndProject
Project("{2150E333-8FDC-42A3-9474-1A3956D46DE8}") = "Solution Items", "Solution Items", "{3B9D3DDF-2D39-424E-AADE-32142217E554}"
	ProjectSection(SolutionItems) = preProject
		.editorconfig = .editorconfig
	EndProjectSection
EndProject
Project("{9A19103F-16F7-4668-BE54-9A1E7A4F7556}") = "MySql", "MySqlMigrations\MySql.csproj", "{C344B34E-6120-46CA-8A75-2D129F024811}"
EndProject
Project("{9A19103F-16F7-4668-BE54-9A1E7A4F7556}") = "DBEntities", "DBEntities\DBEntities.csproj", "{0F0A21AA-09F4-42AE-B355-112DE3F774D5}"
EndProject
Project("{9A19103F-16F7-4668-BE54-9A1E7A4F7556}") = "Sqlite", "SqliteMigrations\Sqlite.csproj", "{F81254E5-55C7-454F-83EC-ACA115F26D7E}"
EndProject
Project("{2150E333-8FDC-42A3-9474-1A3956D46DE8}") = "Migrations", "Migrations", "{D0BA96F1-ECAC-42F5-AEAE-99065BF32392}"
EndProject
Project("{9A19103F-16F7-4668-BE54-9A1E7A4F7556}") = "DJSpire", "DJSpire\DJSpire.csproj", "{F12D17F8-8DE5-4099-8C91-3927B73207D1}"
EndProject
Project("{FAE04EC0-301F-11D3-BF4B-00C04F79EFBC}") = "PostgreSQL", "PostgreSQL\PostgreSQL.csproj", "{9A51BC20-C3E9-40C0-9B82-0C1A34D0D2B5}"
EndProject
Global
	GlobalSection(SolutionConfigurationPlatforms) = preSolution
		All|Any CPU = All|Any CPU
		All|x64 = All|x64
		All|x86 = All|x86
		Debug|Any CPU = Debug|Any CPU
		Debug|x64 = Debug|x64
		Debug|x86 = Debug|x86
		Release|Any CPU = Release|Any CPU
		Release|x64 = Release|x64
		Release|x86 = Release|x86
		Sit|Any CPU = Sit|Any CPU
		Sit|x64 = Sit|x64
		Sit|x86 = Sit|x86
	EndGlobalSection
	GlobalSection(ProjectConfigurationPlatforms) = postSolution
		{BEE86DA4-662A-492C-B27B-AC613E24B12E}.All|Any CPU.ActiveCfg = Release|Any CPU
		{BEE86DA4-662A-492C-B27B-AC613E24B12E}.All|Any CPU.Build.0 = Release|Any CPU
		{BEE86DA4-662A-492C-B27B-AC613E24B12E}.All|x64.ActiveCfg = Release|Any CPU
		{BEE86DA4-662A-492C-B27B-AC613E24B12E}.All|x64.Build.0 = Release|Any CPU
		{BEE86DA4-662A-492C-B27B-AC613E24B12E}.All|x86.ActiveCfg = Release|Any CPU
		{BEE86DA4-662A-492C-B27B-AC613E24B12E}.All|x86.Build.0 = Release|Any CPU
		{BEE86DA4-662A-492C-B27B-AC613E24B12E}.Debug|Any CPU.ActiveCfg = Debug|Any CPU
		{BEE86DA4-662A-492C-B27B-AC613E24B12E}.Debug|Any CPU.Build.0 = Debug|Any CPU
		{BEE86DA4-662A-492C-B27B-AC613E24B12E}.Debug|x64.ActiveCfg = Debug|Any CPU
		{BEE86DA4-662A-492C-B27B-AC613E24B12E}.Debug|x64.Build.0 = Debug|Any CPU
		{BEE86DA4-662A-492C-B27B-AC613E24B12E}.Debug|x86.ActiveCfg = Debug|Any CPU
		{BEE86DA4-662A-492C-B27B-AC613E24B12E}.Debug|x86.Build.0 = Debug|Any CPU
		{BEE86DA4-662A-492C-B27B-AC613E24B12E}.Release|Any CPU.ActiveCfg = Release|Any CPU
		{BEE86DA4-662A-492C-B27B-AC613E24B12E}.Release|Any CPU.Build.0 = Release|Any CPU
		{BEE86DA4-662A-492C-B27B-AC613E24B12E}.Release|x64.ActiveCfg = Release|Any CPU
		{BEE86DA4-662A-492C-B27B-AC613E24B12E}.Release|x64.Build.0 = Release|Any CPU
		{BEE86DA4-662A-492C-B27B-AC613E24B12E}.Release|x86.ActiveCfg = Release|Any CPU
		{BEE86DA4-662A-492C-B27B-AC613E24B12E}.Release|x86.Build.0 = Release|Any CPU
		{BEE86DA4-662A-492C-B27B-AC613E24B12E}.Sit|Any CPU.ActiveCfg = Release|Any CPU
		{BEE86DA4-662A-492C-B27B-AC613E24B12E}.Sit|Any CPU.Build.0 = Release|Any CPU
		{BEE86DA4-662A-492C-B27B-AC613E24B12E}.Sit|x64.ActiveCfg = Debug|Any CPU
		{BEE86DA4-662A-492C-B27B-AC613E24B12E}.Sit|x86.ActiveCfg = Debug|Any CPU
		{C344B34E-6120-46CA-8A75-2D129F024811}.All|Any CPU.ActiveCfg = Release|Any CPU
		{C344B34E-6120-46CA-8A75-2D129F024811}.All|Any CPU.Build.0 = Release|Any CPU
		{C344B34E-6120-46CA-8A75-2D129F024811}.All|x64.ActiveCfg = Release|Any CPU
		{C344B34E-6120-46CA-8A75-2D129F024811}.All|x64.Build.0 = Release|Any CPU
		{C344B34E-6120-46CA-8A75-2D129F024811}.All|x86.ActiveCfg = Release|Any CPU
		{C344B34E-6120-46CA-8A75-2D129F024811}.All|x86.Build.0 = Release|Any CPU
		{C344B34E-6120-46CA-8A75-2D129F024811}.Debug|Any CPU.ActiveCfg = Debug|Any CPU
		{C344B34E-6120-46CA-8A75-2D129F024811}.Debug|Any CPU.Build.0 = Debug|Any CPU
		{C344B34E-6120-46CA-8A75-2D129F024811}.Debug|x64.ActiveCfg = Debug|Any CPU
		{C344B34E-6120-46CA-8A75-2D129F024811}.Debug|x64.Build.0 = Debug|Any CPU
		{C344B34E-6120-46CA-8A75-2D129F024811}.Debug|x86.ActiveCfg = Debug|Any CPU
		{C344B34E-6120-46CA-8A75-2D129F024811}.Debug|x86.Build.0 = Debug|Any CPU
		{C344B34E-6120-46CA-8A75-2D129F024811}.Release|Any CPU.ActiveCfg = Release|Any CPU
		{C344B34E-6120-46CA-8A75-2D129F024811}.Release|Any CPU.Build.0 = Release|Any CPU
		{C344B34E-6120-46CA-8A75-2D129F024811}.Release|x64.ActiveCfg = Release|Any CPU
		{C344B34E-6120-46CA-8A75-2D129F024811}.Release|x64.Build.0 = Release|Any CPU
		{C344B34E-6120-46CA-8A75-2D129F024811}.Release|x86.ActiveCfg = Release|Any CPU
		{C344B34E-6120-46CA-8A75-2D129F024811}.Release|x86.Build.0 = Release|Any CPU
		{C344B34E-6120-46CA-8A75-2D129F024811}.Sit|Any CPU.ActiveCfg = Release|Any CPU
		{C344B34E-6120-46CA-8A75-2D129F024811}.Sit|Any CPU.Build.0 = Release|Any CPU
		{C344B34E-6120-46CA-8A75-2D129F024811}.Sit|x64.ActiveCfg = Debug|Any CPU
		{C344B34E-6120-46CA-8A75-2D129F024811}.Sit|x64.Build.0 = Debug|Any CPU
		{C344B34E-6120-46CA-8A75-2D129F024811}.Sit|x86.ActiveCfg = Debug|Any CPU
		{C344B34E-6120-46CA-8A75-2D129F024811}.Sit|x86.Build.0 = Debug|Any CPU
		{0F0A21AA-09F4-42AE-B355-112DE3F774D5}.All|Any CPU.ActiveCfg = Release|Any CPU
		{0F0A21AA-09F4-42AE-B355-112DE3F774D5}.All|Any CPU.Build.0 = Release|Any CPU
		{0F0A21AA-09F4-42AE-B355-112DE3F774D5}.All|x64.ActiveCfg = Release|Any CPU
		{0F0A21AA-09F4-42AE-B355-112DE3F774D5}.All|x64.Build.0 = Release|Any CPU
		{0F0A21AA-09F4-42AE-B355-112DE3F774D5}.All|x86.ActiveCfg = Release|Any CPU
		{0F0A21AA-09F4-42AE-B355-112DE3F774D5}.All|x86.Build.0 = Release|Any CPU
		{0F0A21AA-09F4-42AE-B355-112DE3F774D5}.Debug|Any CPU.ActiveCfg = Debug|Any CPU
		{0F0A21AA-09F4-42AE-B355-112DE3F774D5}.Debug|Any CPU.Build.0 = Debug|Any CPU
		{0F0A21AA-09F4-42AE-B355-112DE3F774D5}.Debug|x64.ActiveCfg = Debug|Any CPU
		{0F0A21AA-09F4-42AE-B355-112DE3F774D5}.Debug|x64.Build.0 = Debug|Any CPU
		{0F0A21AA-09F4-42AE-B355-112DE3F774D5}.Debug|x86.ActiveCfg = Debug|Any CPU
		{0F0A21AA-09F4-42AE-B355-112DE3F774D5}.Debug|x86.Build.0 = Debug|Any CPU
		{0F0A21AA-09F4-42AE-B355-112DE3F774D5}.Release|Any CPU.ActiveCfg = Release|Any CPU
		{0F0A21AA-09F4-42AE-B355-112DE3F774D5}.Release|Any CPU.Build.0 = Release|Any CPU
		{0F0A21AA-09F4-42AE-B355-112DE3F774D5}.Release|x64.ActiveCfg = Release|Any CPU
		{0F0A21AA-09F4-42AE-B355-112DE3F774D5}.Release|x64.Build.0 = Release|Any CPU
		{0F0A21AA-09F4-42AE-B355-112DE3F774D5}.Release|x86.ActiveCfg = Release|Any CPU
		{0F0A21AA-09F4-42AE-B355-112DE3F774D5}.Release|x86.Build.0 = Release|Any CPU
		{0F0A21AA-09F4-42AE-B355-112DE3F774D5}.Sit|Any CPU.ActiveCfg = Release|Any CPU
		{0F0A21AA-09F4-42AE-B355-112DE3F774D5}.Sit|Any CPU.Build.0 = Release|Any CPU
		{0F0A21AA-09F4-42AE-B355-112DE3F774D5}.Sit|x64.ActiveCfg = Debug|Any CPU
		{0F0A21AA-09F4-42AE-B355-112DE3F774D5}.Sit|x64.Build.0 = Debug|Any CPU
		{0F0A21AA-09F4-42AE-B355-112DE3F774D5}.Sit|x86.ActiveCfg = Debug|Any CPU
		{0F0A21AA-09F4-42AE-B355-112DE3F774D5}.Sit|x86.Build.0 = Debug|Any CPU
		{F81254E5-55C7-454F-83EC-ACA115F26D7E}.All|Any CPU.ActiveCfg = Release|Any CPU
		{F81254E5-55C7-454F-83EC-ACA115F26D7E}.All|Any CPU.Build.0 = Release|Any CPU
		{F81254E5-55C7-454F-83EC-ACA115F26D7E}.All|x64.ActiveCfg = Release|Any CPU
		{F81254E5-55C7-454F-83EC-ACA115F26D7E}.All|x64.Build.0 = Release|Any CPU
		{F81254E5-55C7-454F-83EC-ACA115F26D7E}.All|x86.ActiveCfg = Release|Any CPU
		{F81254E5-55C7-454F-83EC-ACA115F26D7E}.All|x86.Build.0 = Release|Any CPU
		{F81254E5-55C7-454F-83EC-ACA115F26D7E}.Debug|Any CPU.ActiveCfg = Debug|Any CPU
		{F81254E5-55C7-454F-83EC-ACA115F26D7E}.Debug|Any CPU.Build.0 = Debug|Any CPU
		{F81254E5-55C7-454F-83EC-ACA115F26D7E}.Debug|x64.ActiveCfg = Debug|Any CPU
		{F81254E5-55C7-454F-83EC-ACA115F26D7E}.Debug|x64.Build.0 = Debug|Any CPU
		{F81254E5-55C7-454F-83EC-ACA115F26D7E}.Debug|x86.ActiveCfg = Debug|Any CPU
		{F81254E5-55C7-454F-83EC-ACA115F26D7E}.Debug|x86.Build.0 = Debug|Any CPU
		{F81254E5-55C7-454F-83EC-ACA115F26D7E}.Release|Any CPU.ActiveCfg = Release|Any CPU
		{F81254E5-55C7-454F-83EC-ACA115F26D7E}.Release|Any CPU.Build.0 = Release|Any CPU
		{F81254E5-55C7-454F-83EC-ACA115F26D7E}.Release|x64.ActiveCfg = Release|Any CPU
		{F81254E5-55C7-454F-83EC-ACA115F26D7E}.Release|x64.Build.0 = Release|Any CPU
		{F81254E5-55C7-454F-83EC-ACA115F26D7E}.Release|x86.ActiveCfg = Release|Any CPU
		{F81254E5-55C7-454F-83EC-ACA115F26D7E}.Release|x86.Build.0 = Release|Any CPU
		{F81254E5-55C7-454F-83EC-ACA115F26D7E}.Sit|Any CPU.ActiveCfg = Release|Any CPU
		{F81254E5-55C7-454F-83EC-ACA115F26D7E}.Sit|Any CPU.Build.0 = Release|Any CPU
		{F81254E5-55C7-454F-83EC-ACA115F26D7E}.Sit|x64.ActiveCfg = Debug|Any CPU
		{F81254E5-55C7-454F-83EC-ACA115F26D7E}.Sit|x64.Build.0 = Debug|Any CPU
		{F81254E5-55C7-454F-83EC-ACA115F26D7E}.Sit|x86.ActiveCfg = Debug|Any CPU
		{F81254E5-55C7-454F-83EC-ACA115F26D7E}.Sit|x86.Build.0 = Debug|Any CPU
		{F12D17F8-8DE5-4099-8C91-3927B73207D1}.All|Any CPU.ActiveCfg = Debug|Any CPU
		{F12D17F8-8DE5-4099-8C91-3927B73207D1}.All|Any CPU.Build.0 = Debug|Any CPU
		{F12D17F8-8DE5-4099-8C91-3927B73207D1}.All|x64.ActiveCfg = Debug|Any CPU
		{F12D17F8-8DE5-4099-8C91-3927B73207D1}.All|x64.Build.0 = Debug|Any CPU
		{F12D17F8-8DE5-4099-8C91-3927B73207D1}.All|x86.ActiveCfg = Debug|Any CPU
		{F12D17F8-8DE5-4099-8C91-3927B73207D1}.All|x86.Build.0 = Debug|Any CPU
		{F12D17F8-8DE5-4099-8C91-3927B73207D1}.Debug|Any CPU.ActiveCfg = Debug|Any CPU
		{F12D17F8-8DE5-4099-8C91-3927B73207D1}.Debug|Any CPU.Build.0 = Debug|Any CPU
		{F12D17F8-8DE5-4099-8C91-3927B73207D1}.Debug|x64.ActiveCfg = Debug|Any CPU
		{F12D17F8-8DE5-4099-8C91-3927B73207D1}.Debug|x64.Build.0 = Debug|Any CPU
		{F12D17F8-8DE5-4099-8C91-3927B73207D1}.Debug|x86.ActiveCfg = Debug|Any CPU
		{F12D17F8-8DE5-4099-8C91-3927B73207D1}.Debug|x86.Build.0 = Debug|Any CPU
		{F12D17F8-8DE5-4099-8C91-3927B73207D1}.Release|Any CPU.ActiveCfg = Release|Any CPU
		{F12D17F8-8DE5-4099-8C91-3927B73207D1}.Release|Any CPU.Build.0 = Release|Any CPU
		{F12D17F8-8DE5-4099-8C91-3927B73207D1}.Release|x64.ActiveCfg = Release|Any CPU
		{F12D17F8-8DE5-4099-8C91-3927B73207D1}.Release|x64.Build.0 = Release|Any CPU
		{F12D17F8-8DE5-4099-8C91-3927B73207D1}.Release|x86.ActiveCfg = Release|Any CPU
		{F12D17F8-8DE5-4099-8C91-3927B73207D1}.Release|x86.Build.0 = Release|Any CPU
		{F12D17F8-8DE5-4099-8C91-3927B73207D1}.Sit|Any CPU.ActiveCfg = Debug|Any CPU
		{F12D17F8-8DE5-4099-8C91-3927B73207D1}.Sit|Any CPU.Build.0 = Debug|Any CPU
		{F12D17F8-8DE5-4099-8C91-3927B73207D1}.Sit|x64.ActiveCfg = Debug|Any CPU
		{F12D17F8-8DE5-4099-8C91-3927B73207D1}.Sit|x64.Build.0 = Debug|Any CPU
		{F12D17F8-8DE5-4099-8C91-3927B73207D1}.Sit|x86.ActiveCfg = Debug|Any CPU
		{F12D17F8-8DE5-4099-8C91-3927B73207D1}.Sit|x86.Build.0 = Debug|Any CPU
		{9A51BC20-C3E9-40C0-9B82-0C1A34D0D2B5}.All|Any CPU.ActiveCfg = Debug|Any CPU
		{9A51BC20-C3E9-40C0-9B82-0C1A34D0D2B5}.All|Any CPU.Build.0 = Debug|Any CPU
		{9A51BC20-C3E9-40C0-9B82-0C1A34D0D2B5}.All|x64.ActiveCfg = Debug|Any CPU
		{9A51BC20-C3E9-40C0-9B82-0C1A34D0D2B5}.All|x64.Build.0 = Debug|Any CPU
		{9A51BC20-C3E9-40C0-9B82-0C1A34D0D2B5}.All|x86.ActiveCfg = Debug|Any CPU
		{9A51BC20-C3E9-40C0-9B82-0C1A34D0D2B5}.All|x86.Build.0 = Debug|Any CPU
		{9A51BC20-C3E9-40C0-9B82-0C1A34D0D2B5}.Debug|Any CPU.ActiveCfg = Debug|Any CPU
		{9A51BC20-C3E9-40C0-9B82-0C1A34D0D2B5}.Debug|Any CPU.Build.0 = Debug|Any CPU
		{9A51BC20-C3E9-40C0-9B82-0C1A34D0D2B5}.Debug|x64.ActiveCfg = Debug|Any CPU
		{9A51BC20-C3E9-40C0-9B82-0C1A34D0D2B5}.Debug|x64.Build.0 = Debug|Any CPU
		{9A51BC20-C3E9-40C0-9B82-0C1A34D0D2B5}.Debug|x86.ActiveCfg = Debug|Any CPU
		{9A51BC20-C3E9-40C0-9B82-0C1A34D0D2B5}.Debug|x86.Build.0 = Debug|Any CPU
		{9A51BC20-C3E9-40C0-9B82-0C1A34D0D2B5}.Release|Any CPU.ActiveCfg = Release|Any CPU
		{9A51BC20-C3E9-40C0-9B82-0C1A34D0D2B5}.Release|Any CPU.Build.0 = Release|Any CPU
		{9A51BC20-C3E9-40C0-9B82-0C1A34D0D2B5}.Release|x64.ActiveCfg = Release|Any CPU
		{9A51BC20-C3E9-40C0-9B82-0C1A34D0D2B5}.Release|x64.Build.0 = Release|Any CPU
		{9A51BC20-C3E9-40C0-9B82-0C1A34D0D2B5}.Release|x86.ActiveCfg = Release|Any CPU
		{9A51BC20-C3E9-40C0-9B82-0C1A34D0D2B5}.Release|x86.Build.0 = Release|Any CPU
		{9A51BC20-C3E9-40C0-9B82-0C1A34D0D2B5}.Sit|Any CPU.ActiveCfg = Debug|Any CPU
		{9A51BC20-C3E9-40C0-9B82-0C1A34D0D2B5}.Sit|Any CPU.Build.0 = Debug|Any CPU
		{9A51BC20-C3E9-40C0-9B82-0C1A34D0D2B5}.Sit|x64.ActiveCfg = Debug|Any CPU
		{9A51BC20-C3E9-40C0-9B82-0C1A34D0D2B5}.Sit|x64.Build.0 = Debug|Any CPU
		{9A51BC20-C3E9-40C0-9B82-0C1A34D0D2B5}.Sit|x86.ActiveCfg = Debug|Any CPU
		{9A51BC20-C3E9-40C0-9B82-0C1A34D0D2B5}.Sit|x86.Build.0 = Debug|Any CPU
	EndGlobalSection
	GlobalSection(SolutionProperties) = preSolution
		HideSolutionNode = FALSE
	EndGlobalSection
	GlobalSection(NestedProjects) = preSolution
		{C344B34E-6120-46CA-8A75-2D129F024811} = {D0BA96F1-ECAC-42F5-AEAE-99065BF32392}
		{F81254E5-55C7-454F-83EC-ACA115F26D7E} = {D0BA96F1-ECAC-42F5-AEAE-99065BF32392}
		{9A51BC20-C3E9-40C0-9B82-0C1A34D0D2B5} = {D0BA96F1-ECAC-42F5-AEAE-99065BF32392}
	EndGlobalSection
	GlobalSection(ExtensibilityGlobals) = postSolution
		SolutionGuid = {6708F2CE-3C2F-4B97-B6FC-EEAFB792B12F}
	EndGlobalSection
EndGlobal
